{
  "name": "pretext-pdf-demo",
  "version": "1.0.0",
  "lockfileVersion": 3,
  "requires": true,
  "packages": {
    "": {
      "name": "pretext-pdf-demo",
      "version": "1.0.0",
      "dependencies": {
        "pretext-pdf": "^0.8.0"
      }
    },
    "node_modules/@cantoo/pdf-lib": {
      "version": "2.6.5",
      "resolved": "https://registry.npmjs.org/@cantoo/pdf-lib/-/pdf-lib-2.6.5.tgz",
      "integrity": "sha512-3eMHEaqKHt/G/q+6QjT06A3lz0S/a8x3+myiSN7FNeL3uWcedO0lpfs6TWofa4C03Z1wz3tWeHoa4CsI7DrTSA==",
      "license": "MIT",
      "dependencies": {
        "@pdf-lib/standard-fonts": "^1.0.0",
        "@pdf-lib/upng": "^1.0.1",
        "color": "^4.2.3",
        "crypto-js": "^4.2.0",
        "node-html-better-parser": ">=1.4.0",
        "pako": "^1.0.11",
        "tslib": ">=2"
      }
    },
    "node_modules/@chenglou/pretext": {
      "version": "0.0.5",
      "resolved": "https://registry.npmjs.org/@chenglou/pretext/-/pretext-0.0.5.tgz",
      "integrity": "sha512-A8GZN10REdFGsyuiUgLV8jjPDDFMg5GmgxGWV0I3igxBOnzj+jgz2VMmVD7g+SFyoctfeqHFxbNatKSzVRWtRg==",
      "license": "MIT"
    },
    "node_modules/@fontsource-variable/inter": {
      "version": "5.2.8",
      "resolved": "https://registry.npmjs.org/@fontsource-variable/inter/-/inter-5.2.8.tgz",
      "integrity": "sha512-kOfP2D+ykbcX/P3IFnokOhVRNoTozo5/JxhAIVYLpea/UBmCQ/YWPBfWIDuBImXX/15KH+eKh4xpEUyS2sQQGQ==",
      "license": "OFL-1.1",
      "funding": {
        "url": "https://github.com/sponsors/ayuhito"
      }
    },
    "node_modules/@fontsource/inter": {
      "version": "5.2.8",
      "resolved": "https://registry.npmjs.org/@fontsource/inter/-/inter-5.2.8.tgz",
      "integrity": "sha512-P6r5WnJoKiNVV+zvW2xM13gNdFhAEpQ9dQJHt3naLvfg+LkF2ldgSLiF4T41lf1SQCM9QmkqPTn4TH568IRagg==",
      "license": "OFL-1.1",
      "funding": {
        "url": "https://github.com/sponsors/ayuhito"
      }
    },
    "node_modules/@napi-rs/canvas": {
      "version": "0.1.98",
      "resolved": "https://registry.npmjs.org/@napi-rs/canvas/-/canvas-0.1.98.tgz",
      "integrity": "sha512-WDg3lxYMqlrg49sDVUlrHVfIEPsd5AjYDRuGD6Fu82K5agJx0UnWA+l5qd53GNLRiMN2WhOw7FLR+Er5QB/0SA==",
      "license": "MIT",
      "optional": true,
      "workspaces": [
        "e2e/*"
      ],
      "engines": {
        "node": ">= 10"
      },
      "funding": {
        "type": "github",
        "url": "https://github.com/sponsors/Brooooooklyn"
      },
      "optionalDependencies": {
        "@napi-rs/canvas-android-arm64": "0.1.98",
        "@napi-rs/canvas-darwin-arm64": "0.1.98",
        "@napi-rs/canvas-darwin-x64": "0.1.98",
        "@napi-rs/canvas-linux-arm-gnueabihf": "0.1.98",
        "@napi-rs/canvas-linux-arm64-gnu": "0.1.98",
        "@napi-rs/canvas-linux-arm64-musl": "0.1.98",
        "@napi-rs/canvas-linux-riscv64-gnu": "0.1.98",
        "@napi-rs/canvas-linux-x64-gnu": "0.1.98",
        "@napi-rs/canvas-linux-x64-musl": "0.1.98",
        "@napi-rs/canvas-win32-arm64-msvc": "0.1.98",
        "@napi-rs/canvas-win32-x64-msvc": "0.1.98"
      }
    },
    "node_modules/@napi-rs/canvas-android-arm64": {
      "version": "0.1.98",
      "resolved": "https://registry.npmjs.org/@napi-rs/canvas-android-arm64/-/canvas-android-arm64-0.1.98.tgz",
      "integrity": "sha512-O45Ifr0WZJUrSyg0QgB+67TiC0zYBRkBK+d43ZV4JtlwH3XttiVxLvlxEeULiH5y1MSELruspF0bjF6xXwJNPQ==",
      "cpu": [
        "arm64"
      ],
      "license": "MIT",
      "optional": true,
      "os": [
        "android"
      ],
      "engines": {
        "node": ">= 10"
      },
      "funding": {
        "type": "github",
        "url": "https://github.com/sponsors/Brooooooklyn"
      }
    },
    "node_modules/@napi-rs/canvas-darwin-arm64": {
      "version": "0.1.98",
      "resolved": "https://registry.npmjs.org/@napi-rs/canvas-darwin-arm64/-/canvas-darwin-arm64-0.1.98.tgz",
      "integrity": "sha512-1b/nQhw6Isdv14JokUqat+i5wrAYD+ce3egiotedBGRUjVxYSj4s2uQCh2bFsyX5/9A5iTKVGsWoQhFft+j7Lg==",
      "cpu": [
        "arm64"
      ],
      "license": "MIT",
      "optional": true,
      "os": [
        "darwin"
      ],
      "engines": {
        "node": ">= 10"
      },
      "funding": {
        "type": "github",
        "url": "https://github.com/sponsors/Brooooooklyn"
      }
    },
    "node_modules/@napi-rs/canvas-darwin-x64": {
      "version": "0.1.98",
      "resolved": "https://registry.npmjs.org/@napi-rs/canvas-darwin-x64/-/canvas-darwin-x64-0.1.98.tgz",
      "integrity": "sha512-oefzfBM8mwnyYp6S+yNXwjCoLdkOalFG24mssHgvrJDS0FulOryyI35Q7GdJGmrzuL4oo1XW3ZTOcTBLdJ8Zkg==",
      "cpu": [
        "x64"
      ],
      "license": "MIT",
      "optional": true,
      "os": [
        "darwin"
      ],
      "engines": {
        "node": ">= 10"
      },
      "funding": {
        "type": "github",
        "url": "https://github.com/sponsors/Brooooooklyn"
      }
    },
    "node_modules/@napi-rs/canvas-linux-arm-gnueabihf": {
      "version": "0.1.98",
      "resolved": "https://registry.npmjs.org/@napi-rs/canvas-linux-arm-gnueabihf/-/canvas-linux-arm-gnueabihf-0.1.98.tgz",
      "integrity": "sha512-NDH5QXGmf8wlo5yhijCNGVFiJk7an5GvHwb2LHyfLQWY/6/S48i5+YtY6FPqPVVCUckNGudYOfXEJnb3/FiJGQ==",
      "cpu": [
        "arm"
      ],
      "license": "MIT",
      "optional": true,
      "os": [
        "linux"
      ],
      "engines": {
        "node": ">= 10"
      },
      "funding": {
        "type": "github",
        "url": "https://github.com/sponsors/Brooooooklyn"
      }
    },
    "node_modules/@napi-rs/canvas-linux-arm64-gnu": {
      "version": "0.1.98",
      "resolved": "https://registry.npmjs.org/@napi-rs/canvas-linux-arm64-gnu/-/canvas-linux-arm64-gnu-0.1.98.tgz",
      "integrity": "sha512-KBLLM6tu1xs80LSAqdSLBKkgct0S23MCEf/aq8yxzg5imAceqp1ulKeELgWaYm27MgpUhm3Q7jmegX12FfphwA==",
      "cpu": [
        "arm64"
      ],
      "license": "MIT",
      "optional": true,
      "os": [
        "linux"
      ],
      "engines": {
        "node": ">= 10"
      },
      "funding": {
        "type": "github",
        "url": "https://github.com/sponsors/Brooooooklyn"
      }
    },
    "node_modules/@napi-rs/canvas-linux-arm64-musl": {
      "version": "0.1.98",
      "resolved": "https://registry.npmjs.org/@napi-rs/canvas-linux-arm64-musl/-/canvas-linux-arm64-musl-0.1.98.tgz",
      "integrity": "sha512-mfMNhjN5zDcJafqQ6sHj4Tc3YMTRxP5UA3MHtp/ssytBR/k6XO0x+1IIPtscnUKwha+ql1++WjDCGEgqu8OfWQ==",
      "cpu": [
        "arm64"
      ],
      "license": "MIT",
      "optional": true,
      "os": [
        "linux"
      ],
      "engines": {
        "node": ">= 10"
      },
      "funding": {
        "type": "github",
        "url": "https://github.com/sponsors/Brooooooklyn"
      }
    },
    "node_modules/@napi-rs/canvas-linux-riscv64-gnu": {
      "version": "0.1.98",
      "resolved": "https://registry.npmjs.org/@napi-rs/canvas-linux-riscv64-gnu/-/canvas-linux-riscv64-gnu-0.1.98.tgz",
      "integrity": "sha512-nfW8esrcaeuhrO3qGA5cwuyk4Ak6cn2eB0LtEYtqROIl+fz06CNGNCU0M95+Tspw5ZgfSbc98SaigT5r5B3LVQ==",
      "cpu": [
        "riscv64"
      ],
      "license": "MIT",
      "optional": true,
      "os": [
        "linux"
      ],
      "engines": {
        "node": ">= 10"
      },
      "funding": {
        "type": "github",
        "url": "https://github.com/sponsors/Brooooooklyn"
      }
    },
    "node_modules/@napi-rs/canvas-linux-x64-gnu": {
      "version": "0.1.98",
      "resolved": "https://registry.npmjs.org/@napi-rs/canvas-linux-x64-gnu/-/canvas-linux-x64-gnu-0.1.98.tgz",
      "integrity": "sha512-318UT8j6Gro2bTjtutjQXHWp9SLTNw+WRS4wQ6XIRPAyzBGnGHg7x2ndD+oqkPrrSRIbYLA5WoBcCasaF7lSTQ==",
      "cpu": [
        "x64"
      ],
      "license": "MIT",
      "optional": true,
      "os": [
        "linux"
      ],
      "engines": {
        "node": ">= 10"
      },
      "funding": {
        "type": "github",
        "url": "https://github.com/sponsors/Brooooooklyn"
      }
    },
    "node_modules/@napi-rs/canvas-linux-x64-musl": {
      "version": "0.1.98",
      "resolved": "https://registry.npmjs.org/@napi-rs/canvas-linux-x64-musl/-/canvas-linux-x64-musl-0.1.98.tgz",
      "integrity": "sha512-0vZhI74UxnA4VqlW4UvM0dFRrjE1RLEe/OXSBjzytGIxV+yOG4exlrhGoIpAQaIpQQQXMCdb1EmbvPC1k9vEqQ==",
      "cpu": [
        "x64"
      ],
      "license": "MIT",
      "optional": true,
      "os": [
        "linux"
      ],
      "engines": {
        "node": ">= 10"
      },
      "funding": {
        "type": "github",
        "url": "https://github.com/sponsors/Brooooooklyn"
      }
    },
    "node_modules/@napi-rs/canvas-win32-arm64-msvc": {
      "version": "0.1.98",
      "resolved": "https://registry.npmjs.org/@napi-rs/canvas-win32-arm64-msvc/-/canvas-win32-arm64-msvc-0.1.98.tgz",
      "integrity": "sha512-oiC/IxgFEEVcZ7VH7JXXlmgsqRvmFb57PIQ4gQck35IKFZCNUvdNCcN3OeoLP7Hpf5160MWJf9jj/+E5V0bSvw==",
      "cpu": [
        "arm64"
      ],
      "license": "MIT",
      "optional": true,
      "os": [
        "win32"
      ],
      "engines": {
        "node": ">= 10"
      },
      "funding": {
        "type": "github",
        "url": "https://github.com/sponsors/Brooooooklyn"
      }
    },
    "node_modules/@napi-rs/canvas-win32-x64-msvc": {
      "version": "0.1.98",
      "resolved": "https://registry.npmjs.org/@napi-rs/canvas-win32-x64-msvc/-/canvas-win32-x64-msvc-0.1.98.tgz",
      "integrity": "sha512-ZqstKAJBSyZetU8udUvBQWPlGN9buawFvjuo9mgCAxzbOoJAgXX39ihec/nn42T5Vb6/qyn45eTimx5ND9kMEw==",
      "cpu": [
        "x64"
      ],
      "license": "MIT",
      "optional": true,
      "os": [
        "win32"
      ],
      "engines": {
        "node": ">= 10"
      },
      "funding": {
        "type": "github",
        "url": "https://github.com/sponsors/Brooooooklyn"
      }
    },
    "node_modules/@pdf-lib/fontkit": {
      "version": "1.1.1",
      "resolved": "https://registry.npmjs.org/@pdf-lib/fontkit/-/fontkit-1.1.1.tgz",
      "integrity": "sha512-KjMd7grNapIWS/Dm0gvfHEilSyAmeLvrEGVcqLGi0VYebuqqzTbgF29efCx7tvx+IEbG3zQciRSWl3GkUSvjZg==",
      "license": "MIT",
      "dependencies": {
        "pako": "^1.0.6"
      }
    },
    "node_modules/@pdf-lib/standard-fonts": {
      "version": "1.0.0",
      "resolved": "https://registry.npmjs.org/@pdf-lib/standard-fonts/-/standard-fonts-1.0.0.tgz",
      "integrity": "sha512-hU30BK9IUN/su0Mn9VdlVKsWBS6GyhVfqjwl1FjZN4TxP6cCw0jP2w7V3Hf5uX7M0AZJ16vey9yE0ny7Sa59ZA==",
      "license": "MIT",
      "dependencies": {
        "pako": "^1.0.6"
      }
    },
    "node_modules/@pdf-lib/upng": {
      "version": "1.0.1",
      "resolved": "https://registry.npmjs.org/@pdf-lib/upng/-/upng-1.0.1.tgz",
      "integrity": "sha512-dQK2FUMQtowVP00mtIksrlZhdFXQZPC+taih1q4CvPZ5vqdxR/LKBaFg0oAfzd1GlHZXXSPdQfzQnt+ViGvEIQ==",
      "license": "MIT",
      "dependencies": {
        "pako": "^1.0.10"
      }
    },
    "node_modules/bidi-js": {
      "version": "1.0.3",
      "resolved": "https://registry.npmjs.org/bidi-js/-/bidi-js-1.0.3.tgz",
      "integrity": "sha512-RKshQI1R3YQ+n9YJz2QQ147P66ELpa1FQEg20Dk8oW9t2KgLbpDLLp9aGZ7y8WHSshDknG0bknqGw5/tyCs5tw==",
      "license": "MIT",
      "dependencies": {
        "require-from-string": "^2.0.2"
      }
    },
    "node_modules/color": {
      "version": "4.2.3",
      "resolved": "https://registry.npmjs.org/color/-/color-4.2.3.tgz",
      "integrity": "sha512-1rXeuUUiGGrykh+CeBdu5Ie7OJwinCgQY0bc7GCRxy5xVHy+moaqkpL/jqQq0MtQOeYcrqEz4abc5f0KtU7W4A==",
      "license": "MIT",
      "dependencies": {
        "color-convert": "^2.0.1",
        "color-string": "^1.9.0"
      },
      "engines": {
        "node": ">=12.5.0"
      }
    },
    "node_modules/color-convert": {
      "version": "2.0.1",
      "resolved": "https://registry.npmjs.org/color-convert/-/color-convert-2.0.1.tgz",
      "integrity": "sha512-RRECPsj7iu/xb5oKYcsFHSppFNnsj/52OVTRKb4zP5onXwVF3zVmmToNcOfGC+CRDpfK/U584fMg38ZHCaElKQ==",
      "license": "MIT",
      "dependencies": {
        "color-name": "~1.1.4"
      },
      "engines": {
        "node": ">=7.0.0"
      }
    },
    "node_modules/color-name": {
      "version": "1.1.4",
      "resolved": "https://registry.npmjs.org/color-name/-/color-name-1.1.4.tgz",
      "integrity": "sha512-dOy+3AuW3a2wNbZHIuMZpTcgjGuLU/uBL/ubcZF9OXbDo8ff4O8yVp5Bf0efS8uEoYo5q4Fx7dY9OgQGXgAsQA==",
      "license": "MIT"
    },
    "node_modules/color-string": {
      "version": "1.9.1",
      "resolved": "https://registry.npmjs.org/color-string/-/color-string-1.9.1.tgz",
      "integrity": "sha512-shrVawQFojnZv6xM40anx4CkoDP+fZsw/ZerEMsW/pyzsRbElpsL/DBVW7q3ExxwusdNXI3lXpuhEZkzs8p5Eg==",
      "license": "MIT",
      "dependencies": {
        "color-name": "^1.0.0",
        "simple-swizzle": "^0.2.2"
      }
    },
    "node_modules/crypto-js": {
      "version": "4.2.0",
      "resolved": "https://registry.npmjs.org/crypto-js/-/crypto-js-4.2.0.tgz",
      "integrity": "sha512-KALDyEYgpY+Rlob/iriUtjV6d5Eq+Y191A5g4UqLAi8CyGP9N1+FdVbkc1SxKc2r4YAYqG8JzO2KGL+AizD70Q==",
      "license": "MIT"
    },
    "node_modules/html-entities": {
      "version": "2.6.0",
      "resolved": "https://registry.npmjs.org/html-entities/-/html-entities-2.6.0.tgz",
      "integrity": "sha512-kig+rMn/QOVRvr7c86gQ8lWXq+Hkv6CbAH1hLu+RG338StTpE8Z0b44SDVaqVu7HGKf27frdmUYEs9hTUX/cLQ==",
      "funding": [
        {
          "type": "github",
          "url": "https://github.com/sponsors/mdevils"
        },
        {
          "type": "patreon",
          "url": "https://patreon.com/mdevils"
        }
      ],
      "license": "MIT"
    },
    "node_modules/hyphenation.en-us": {
      "version": "0.2.1",
      "resolved": "https://registry.npmjs.org/hyphenation.en-us/-/hyphenation.en-us-0.2.1.tgz",
      "integrity": "sha512-ItXYgvIpfN8rfXl/GTBQC7DsSb5PPsKh9gGzViK/iWzCS5mvjDebFJ6xCcIYo8dal+nSp2rUzvTT7BosrKlL8A==",
      "dependencies": {
        "hypher": "*"
      }
    },
    "node_modules/hypher": {
      "version": "0.2.5",
      "resolved": "https://registry.npmjs.org/hypher/-/hypher-0.2.5.tgz",
      "integrity": "sha512-kUTpuyzBWWDO2VakmjHC/cxesg4lKQP+Fdc+7lrK4yvjNjkV9vm5UTZMDAwOyyHTOpbkYrAMlNZHG61NnE9vYQ==",
      "license": "BSD-3-Clause"
    },
    "node_modules/is-arrayish": {
      "version": "0.3.4",
      "resolved": "https://registry.npmjs.org/is-arrayish/-/is-arrayish-0.3.4.tgz",
      "integrity": "sha512-m6UrgzFVUYawGBh1dUsWR5M2Clqic9RVXC/9f8ceNlv2IcO9j9J/z8UoCLPqtsPBFNzEpfR3xftohbfqDx8EQA==",
      "license": "MIT"
    },
    "node_modules/node-html-better-parser": {
      "version": "1.5.8",
      "resolved": "https://registry.npmjs.org/node-html-better-parser/-/node-html-better-parser-1.5.8.tgz",
      "integrity": "sha512-t/wAKvaTSKco43X+yf9+76RiMt18MtMmzd4wc7rKj+fWav6DV4ajDEKdWlLzSE8USDF5zr/06uGj0Wr/dGAFtw==",
      "license": "MIT",
      "dependencies": {
        "html-entities": "^2.3.2"
      }
    },
    "node_modules/pako": {
      "version": "1.0.11",
      "resolved": "https://registry.npmjs.org/pako/-/pako-1.0.11.tgz",
      "integrity": "sha512-4hLB8Py4zZce5s4yd9XzopqwVv/yGNhV1Bl8NTmCq1763HeK2+EwVTv+leGeL13Dnh2wfbqowVPXCIO0z4taYw==",
      "license": "(MIT AND Zlib)"
    },
    "node_modules/pixelmatch": {
      "version": "7.1.0",
      "resolved": "https://registry.npmjs.org/pixelmatch/-/pixelmatch-7.1.0.tgz",
      "integrity": "sha512-1wrVzJ2STrpmONHKBy228LM1b84msXDUoAzVEl0R8Mz4Ce6EPr+IVtxm8+yvrqLYMHswREkjYFaMxnyGnaY3Ng==",
      "license": "ISC",
      "optional": true,
      "dependencies": {
        "pngjs": "^7.0.0"
      },
      "bin": {
        "pixelmatch": "bin/pixelmatch"
      }
    },
    "node_modules/pngjs": {
      "version": "7.0.0",
      "resolved": "https://registry.npmjs.org/pngjs/-/pngjs-7.0.0.tgz",
      "integrity": "sha512-LKWqWJRhstyYo9pGvgor/ivk2w94eSjE3RGVuzLGlr3NmD8bf7RcYGze1mNdEHRP6TRP6rMuDHk5t44hnTRyow==",
      "license": "MIT",
      "optional": true,
      "engines": {
        "node": ">=14.19.0"
      }
    },
    "node_modules/pretext-pdf": {
      "version": "0.8.0",
      "resolved": "https://registry.npmjs.org/pretext-pdf/-/pretext-pdf-0.8.0.tgz",
      "integrity": "sha512-yWPTAr2IlrfwyAyhfgZtPvjJTOnNtBYvgGp4qoTa3+MA101RUPB/b3+nXxwVQ5uhhl7hhHOr1/gAwAiV3mUTUw==",
      "license": "MIT",
      "dependencies": {
        "@cantoo/pdf-lib": "^2.6.5",
        "@chenglou/pretext": "^0.0.5",
        "@fontsource-variable/inter": "^5.2.8",
        "@fontsource/inter": "^5.0.0",
        "@pdf-lib/fontkit": "^1.1.1",
        "bidi-js": "^1.0.3",
        "hyphenation.en-us": "^0.2.1",
        "hypher": "^0.2.5"
      },
      "engines": {
        "node": ">=18.0.0"
      },
      "optionalDependencies": {
        "@napi-rs/canvas": "^0.1.57",
        "pixelmatch": "^7.1.0",
        "pngjs": "^7.0.0"
      },
      "peerDependencies": {
        "@napi-rs/canvas": "^0.1.57",
        "@signpdf/signpdf": "^3.3.0",
        "bwip-js": "^4.0.0",
        "highlight.js": "^11.0.0",
        "marked": "^9.0.0 || ^10.0.0 || ^11.0.0 || ^12.0.0 || ^13.0.0 || ^14.0.0 || ^15.0.0 || ^16.0.0 || ^17.0.0 || ^18.0.0",
        "qrcode": "^1.5.0",
        "vega": "^5.0.0 || ^6.0.0",
        "vega-lite": "^5.0.0 || ^6.0.0"
      },
      "peerDependenciesMeta": {
        "@napi-rs/canvas": {
          "optional": true
        },
        "@signpdf/signpdf": {
          "optional": true
        },
        "bwip-js": {
          "optional": true
        },
        "highlight.js": {
          "optional": true
        },
        "marked": {
          "optional": true
        },
        "qrcode": {
          "optional": true
        },
        "vega": {
          "optional": true
        },
        "vega-lite": {
          "optional": true
        }
      }
    },
    "node_modules/require-from-string": {
      "version": "2.0.2",
      "resolved": "https://registry.npmjs.org/require-from-string/-/require-from-string-2.0.2.tgz",
      "integrity": "sha512-Xf0nWe6RseziFMu+Ap9biiUbmplq6S9/p+7w7YXP/JBHhrUDDUhwa+vANyubuqfZWTveU//DYVGsDG7RKL/vEw==",
      "license": "MIT",
      "engines": {
        "node": ">=0.10.0"
      }
    },
    "node_modules/simple-swizzle": {
      "version": "0.2.4",
      "resolved": "https://registry.npmjs.org/simple-swizzle/-/simple-swizzle-0.2.4.tgz",
      "integrity": "sha512-nAu1WFPQSMNr2Zn9PGSZK9AGn4t/y97lEm+MXTtUDwfP0ksAIX4nO+6ruD9Jwut4C49SB1Ws+fbXsm/yScWOHw==",
      "license": "MIT",
      "dependencies": {
        "is-arrayish": "^0.3.1"
      }
    },
    "node_modules/tslib": {
      "version": "2.8.1",
      "resolved": "https://registry.npmjs.org/tslib/-/tslib-2.8.1.tgz",
      "integrity": "sha512-oJFu94HQb+KVduSUQL7wnpmqnfmLsOA/nAh6b6EH0wCEoK0/mPeXU6c3wKDV83MkOuHPRHtSXKKU99IBazS/2w==",
      "license": "0BSD"
    }
  }
}
